dependencies:
- name: ingress-nginx
  repository: https://kubernetes.github.io/ingress-nginx
  version: 4.1.4
- name: oauth2-proxy
  repository: https://oauth2-proxy.github.io/manifests
  version: 6.2.2
- name: nfs-client-provisioner
  repository: https://supertetelman.github.io/charts/
  version: 1.2.11
- name: nfs-server-provisioner
  repository: https://kubernetes-sigs.github.io/nfs-ganesha-server-and-external-provisioner/
  version: 1.4.0
- name: mongodb
  repository: https://charts.bitnami.com/bitnami
  version: 13.0.2
- name: keycloak
  repository: https://charts.bitnami.com/bitnami
  version: 9.6.9
digest: sha256:ff823c1a5abdca1d8dd1a3a29e88cc9f918da030e11bdbbcce0ffbc62a1f0625
generated: "2022-08-19T19:29:52.785251-05:00"
